dependencies:
- name: external-dns
  repository: https://kubernetes-sigs.github.io/external-dns/
  version: 1.16.1
- name: openlane-gcp-workload-identity
  repository: https://theopenlane.github.io/openlane-infra
  version: 0.1.0
- name: openlane-gcp-iam-policy-members
  repository: https://theopenlane.github.io/openlane-infra
  version: 0.1.0
digest: sha256:b58ce005630b25e183c8a99de37f894162dbdb90bdd1df7661e1a5513d593d4c
generated: "2025-05-24T15:26:22.832743-05:00"
