dependencies:
- name: external-dns
  repository: https://kubernetes-sigs.github.io/external-dns/
  version: 1.16.1
- name: openlane-gcp-workload-identity
  repository: https://theopenlane.github.io/openlane-infra
  version: 0.1.1
- name: openlane-gcp-iam-policy-members
  repository: https://theopenlane.github.io/openlane-infra
  version: 0.1.1
digest: sha256:7ec6c4a010b79a95ed16d08cfc29cd0578fc57d6db3274e773397f00fd52cea0
generated: "2025-06-13T18:34:51.008192167Z"
