dependencies:
- name: openlane-gcp-bucket
  repository: https://theopenlane.github.io/openlane-infra
  version: 0.1.1
- name: openlane-gcp-dns-zone
  repository: https://theopenlane.github.io/openlane-infra
  version: 0.1.1
- name: openlane-gcp-lb
  repository: https://theopenlane.github.io/openlane-infra
  version: 0.1.1
- name: openlane-gcp-gke-cluster
  repository: https://theopenlane.github.io/openlane-infra
  version: 0.1.1
- name: openlane-gcp-vpc-network
  repository: https://theopenlane.github.io/openlane-infra
  version: 0.1.1
- name: openlane-gcp-cloudsql
  repository: https://theopenlane.github.io/openlane-infra
  version: 0.1.1
- name: openlane-gcp-memorystore
  repository: https://theopenlane.github.io/openlane-infra
  version: 0.1.1
- name: openlane-gcp-cloud-nat
  repository: https://theopenlane.github.io/openlane-infra
  version: 0.1.1
- name: openlane-gcp-service-account
  repository: https://theopenlane.github.io/openlane-infra
  version: 0.1.1
- name: openlane-gcp-workload-identity
  repository: https://theopenlane.github.io/openlane-infra
  version: 0.1.1
- name: openlane-gcp-subnetwork
  repository: https://theopenlane.github.io/openlane-infra
  version: 0.1.1
digest: sha256:dd4be6964c07d1581d32b7ca2285f13101130f2cbda7b21cd23bc57d95587d38
generated: "2025-06-10T09:46:45.969992-05:00"
