dependencies:
- name: openlane-gcp-bucket
  repository: https://theopenlane.github.io/openlane-infra
  version: 0.1.1
- name: openlane-gcp-dns-zone
  repository: https://theopenlane.github.io/openlane-infra
  version: 0.1.1
- name: openlane-gcp-lb
  repository: https://theopenlane.github.io/openlane-infra
  version: 0.1.1
- name: openlane-gcp-gke-cluster
  repository: https://theopenlane.github.io/openlane-infra
  version: 0.1.2
- name: openlane-gcp-vpc-network
  repository: https://theopenlane.github.io/openlane-infra
  version: 0.1.1
- name: openlane-gcp-cloudsql
  repository: https://theopenlane.github.io/openlane-infra
  version: 0.1.1
- name: openlane-gcp-memorystore
  repository: https://theopenlane.github.io/openlane-infra
  version: 0.1.1
- name: openlane-gcp-cloud-nat
  repository: https://theopenlane.github.io/openlane-infra
  version: 0.1.2
- name: openlane-gcp-service-account
  repository: https://theopenlane.github.io/openlane-infra
  version: 0.1.1
- name: openlane-gcp-workload-identity
  repository: https://theopenlane.github.io/openlane-infra
  version: 0.1.1
- name: openlane-gcp-subnetwork
  repository: https://theopenlane.github.io/openlane-infra
  version: 0.1.1
- name: openlane-gcp-vpc-network
  repository: https://theopenlane.github.io/openlane-infra
  version: 0.1.1
- name: openlane-gcp-cloud-nat
  repository: https://theopenlane.github.io/openlane-infra
  version: 0.1.2
digest: sha256:120183ef507a7e78f965c85d01c01e00962ad9bf61cadd671274be56751367e7
generated: "2025-06-07T05:15:11.208419316Z"
