dependencies:
- name: openlane-gcp-bucket
  repository: https://theopenlane.github.io/openlane-infra
  version: 0.1.1
- name: openlane-gcp-dns-zone
  repository: https://theopenlane.github.io/openlane-infra
  version: 0.1.1
- name: openlane-gcp-lb
  repository: https://theopenlane.github.io/openlane-infra
  version: 0.1.1
- name: openlane-gcp-gke-cluster
  repository: https://theopenlane.github.io/openlane-infra
  version: 0.1.1
- name: openlane-gcp-vpc-network
  repository: https://theopenlane.github.io/openlane-infra
  version: 0.1.1
- name: openlane-gcp-cloudsql
  repository: https://theopenlane.github.io/openlane-infra
  version: 0.1.1
- name: openlane-gcp-memorystore
  repository: https://theopenlane.github.io/openlane-infra
  version: 0.1.1
- name: openlane-gcp-cloud-nat
  repository: https://theopenlane.github.io/openlane-infra
  version: 0.1.1
- name: openlane-gcp-service-account
  repository: https://theopenlane.github.io/openlane-infra
  version: 0.1.1
- name: openlane-gcp-workload-identity
  repository: https://theopenlane.github.io/openlane-infra
  version: 0.1.1
- name: openlane-gcp-subnetwork
  repository: https://theopenlane.github.io/openlane-infra
  version: 0.1.1
- name: openlane-gcp-vpc-network
  repository: https://theopenlane.github.io/openlane-infra
  version: 0.1.1
- name: openlane-gcp-cloud-nat
  repository: https://theopenlane.github.io/openlane-infra
  version: 0.1.1
digest: sha256:91f57ea9aa39ac716937b83a88ccf66ff8d009d2121dde8a38a07f365ceccde6
generated: "2025-06-04T10:55:32.284454-05:00"
