dependencies:
- name: openlane-gcp-subnetwork
  repository: https://theopenlane.github.io/openlane-infra
  version: 0.1.0
- name: openlane-gcp-vpc-network
  repository: https://theopenlane.github.io/openlane-infra
  version: 0.1.0
- name: openlane-gcp-cloud-nat
  repository: https://theopenlane.github.io/openlane-infra
  version: 0.1.1
digest: sha256:7cf7adb19757cdb783e03f460cca6f982960aac42581e710a4a59c0471600751
generated: "2025-05-25T02:35:04.19974094Z"
