dependencies:
- name: grafana
  repository: https://grafana.github.io/helm-charts
  version: 10.1.2
- name: oauth2-proxy
  repository: https://oauth2-proxy.github.io/manifests
  version: 8.3.0
digest: sha256:5de04f5024f405c286b51a4087b073c82b05a3d4866a58fbe550c01f4e7f290e
generated: "2025-10-18T16:57:28.342963851Z"
