dependencies:
- name: cert-manager
  repository: https://charts.jetstack.io
  version: v1.18.0
- name: openlane-gcp-workload-identity
  repository: https://theopenlane.github.io/openlane-infra
  version: 0.1.0
- name: openlane-gcp-iam-policy-members
  repository: https://theopenlane.github.io/openlane-infra
  version: 0.1.0
digest: sha256:1278f4ac267629497a87adeed00b69cb4bcda36b673f6c43e76c0a17b6d64cc4
generated: "2025-06-10T13:17:27.887895242Z"
