dependencies:
- name: cert-manager
  repository: https://charts.jetstack.io
  version: v1.19.0
- name: origin-ca-issuer
  repository: oci://ghcr.io/cloudflare/origin-ca-issuer-charts
  version: 0.5.12
digest: sha256:93ef47953c4b1c042b7e2b22de9639f95b09fa88e359ded466846ccdda5ba960
generated: "2025-10-09T03:02:49.228518065Z"
